{
  "name": "jwt",
  "version": "1.0.0",
  "lockfileVersion": 3,
  "requires": true,
  "packages": {
    "": {
      "name": "jwt",
      "version": "1.0.0",
      "license": "ISC",
      "dependencies": {
        "@types/sha256": "^0.2.2",
        "sha256": "^0.2.0",
        "tsc": "^2.0.4",
        "typescript": "^5.6.3"
      },
      "devDependencies": {
        "@types/node": "^22.7.5"
      }
    },
    "node_modules/@types/node": {
      "version": "22.7.5",
      "resolved": "https://registry.npmjs.org/@types/node/-/node-22.7.5.tgz",
      "integrity": "sha512-jML7s2NAzMWc//QSJ1a3prpk78cOPchGvXJsC3C6R6PSMoooztvRVQEz89gmBTBY1SPMaqo5teB4uNHPdetShQ==",
      "license": "MIT",
      "dependencies": {
        "undici-types": "~6.19.2"
      }
    },
    "node_modules/@types/sha256": {
      "version": "0.2.2",
      "resolved": "https://registry.npmjs.org/@types/sha256/-/sha256-0.2.2.tgz",
      "integrity": "sha512-uKMaDzyzfcDYGEwTgLh+hmgDMxXWyIVodY8T+qt7A+NYvikW0lmGLMGbQ7BipCB8dzXHa55C9g+Ii/3Lgt1KmA==",
      "license": "MIT",
      "dependencies": {
        "@types/node": "*"
      }
    },
    "node_modules/convert-hex": {
      "version": "0.1.0",
      "resolved": "https://registry.npmjs.org/convert-hex/-/convert-hex-0.1.0.tgz",
      "integrity": "sha512-w20BOb1PiR/sEJdS6wNrUjF5CSfscZFUp7R9NSlXH8h2wynzXVEPFPJECAnkNylZ+cvf3p7TyRUHggDmrwXT9A=="
    },
    "node_modules/convert-string": {
      "version": "0.1.0",
      "resolved": "https://registry.npmjs.org/convert-string/-/convert-string-0.1.0.tgz",
      "integrity": "sha512-1KX9ESmtl8xpT2LN2tFnKSbV4NiarbVi8DVb39ZriijvtTklyrT+4dT1wsGMHKD3CJUjXgvJzstm9qL9ICojGA=="
    },
    "node_modules/sha256": {
      "version": "0.2.0",
      "resolved": "https://registry.npmjs.org/sha256/-/sha256-0.2.0.tgz",
      "integrity": "sha512-kTWMJUaez5iiT9CcMv8jSq6kMhw3ST0uRdcIWl3D77s6AsLXNXRp3heeqqfu5+Dyfu4hwpQnMzhqHh8iNQxw0w==",
      "dependencies": {
        "convert-hex": "~0.1.0",
        "convert-string": "~0.1.0"
      }
    },
    "node_modules/tsc": {
      "version": "2.0.4",
      "resolved": "https://registry.npmjs.org/tsc/-/tsc-2.0.4.tgz",
      "integrity": "sha512-fzoSieZI5KKJVBYGvwbVZs/J5za84f2lSTLPYf6AGiIf43tZ3GNrI1QzTLcjtyDDP4aLxd46RTZq1nQxe7+k5Q==",
      "license": "MIT",
      "bin": {
        "tsc": "bin/tsc"
      }
    },
    "node_modules/typescript": {
      "version": "5.6.3",
      "resolved": "https://registry.npmjs.org/typescript/-/typescript-5.6.3.tgz",
      "integrity": "sha512-hjcS1mhfuyi4WW8IWtjP7brDrG2cuDZukyrYrSauoXGNgx0S7zceP07adYkJycEr56BOUTNPzbInooiN3fn1qw==",
      "license": "Apache-2.0",
      "bin": {
        "tsc": "bin/tsc",
        "tsserver": "bin/tsserver"
      },
      "engines": {
        "node": ">=14.17"
      }
    },
    "node_modules/undici-types": {
      "version": "6.19.8",
      "resolved": "https://registry.npmjs.org/undici-types/-/undici-types-6.19.8.tgz",
      "integrity": "sha512-ve2KP6f/JnbPBFyobGHuerC9g1FYGn/F8n1LWTwNxCEzd6IfqTwUQcNXgEtmmQ6DlRrC1hrSrBnCZPokRrDHjw==",
      "license": "MIT"
    }
  }
}
